
Microsoft Visual Studio Solution File, Format Version 12.00
# Visual Studio Version 17
VisualStudioVersion = 17.11.35222.181
MinimumVisualStudioVersion = 10.0.40219.1
Project("{FAE04EC0-301F-11D3-BF4B-00C04F79EFBC}") = "galaxy-sharp", "galaxy-sharp\galaxy-sharp.csproj", "{BD945DFE-5612-49DF-A9BD-C671CCA246E3}"
EndProject
Global
	GlobalSection(SolutionConfigurationPlatforms) = preSolution
		Debug|Any CPU = Debug|Any CPU
		Release|Any CPU = Release|Any CPU
	EndGlobalSection
	GlobalSection(ProjectConfigurationPlatforms) = postSolution
		{BD945DFE-5612-49DF-A9BD-C671CCA246E3}.Debug|Any CPU.ActiveCfg = Debug|Any CPU
		{BD945DFE-5612-49DF-A9BD-C671CCA246E3}.Debug|Any CPU.Build.0 = Debug|Any CPU
		{BD945DFE-5612-49DF-A9BD-C671CCA246E3}.Release|Any CPU.ActiveCfg = Release|Any CPU
		{BD945DFE-5612-49DF-A9BD-C671CCA246E3}.Release|Any CPU.Build.0 = Release|Any CPU
	EndGlobalSection
	GlobalSection(SolutionProperties) = preSolution
		HideSolutionNode = FALSE
	EndGlobalSection
	GlobalSection(ExtensibilityGlobals) = postSolution
		SolutionGuid = {E03618D6-5E94-46C3-B5D8-D6CB5F3EE356}
	EndGlobalSection
EndGlobal
